
Microsoft Visual Studio Solution File, Format Version 12.00
# Visual Studio 15
VisualStudioVersion = 15.0.27130.2027
MinimumVisualStudioVersion = 10.0.40219.1
Project("{FAE04EC0-301F-11D3-BF4B-00C04F79EFBC}") = "getMachineCode", "getMachineCode\getMachineCode.csproj", "{D53D6479-281F-4F9D-B6E5-76D5A82AD285}"
EndProject
Global
	GlobalSection(SolutionConfigurationPlatforms) = preSolution
		Debug|Any CPU = Debug|Any CPU
		Release|Any CPU = Release|Any CPU
	EndGlobalSection
	GlobalSection(ProjectConfigurationPlatforms) = postSolution
		{D53D6479-281F-4F9D-B6E5-76D5A82AD285}.Debug|Any CPU.ActiveCfg = Debug|Any CPU
		{D53D6479-281F-4F9D-B6E5-76D5A82AD285}.Debug|Any CPU.Build.0 = Debug|Any CPU
		{D53D6479-281F-4F9D-B6E5-76D5A82AD285}.Release|Any CPU.ActiveCfg = Release|Any CPU
		{D53D6479-281F-4F9D-B6E5-76D5A82AD285}.Release|Any CPU.Build.0 = Release|Any CPU
	EndGlobalSection
	GlobalSection(SolutionProperties) = preSolution
		HideSolutionNode = FALSE
	EndGlobalSection
	GlobalSection(ExtensibilityGlobals) = postSolution
		SolutionGuid = {B9BDBD3E-BC98-49DA-A62D-08771241CA88}
	EndGlobalSection
EndGlobal
